
Microsoft Visual Studio Solution File, Format Version 12.00
# Visual Studio Version 17
VisualStudioVersion = 17.6.33815.320
MinimumVisualStudioVersion = 10.0.40219.1
Project("{9A19103F-16F7-4668-BE54-9A1E7A4F7556}") = "Butler.Bot.Core", "Butler.Bot.Core\Butler.Bot.Core.csproj", "{735FE5C1-0B21-4F59-824E-AFE5BFF5D724}"
EndProject
Project("{9A19103F-16F7-4668-BE54-9A1E7A4F7556}") = "Butler.Bot.Local", "Butler.Bot.Local\Butler.Bot.Local.csproj", "{2D715AB8-5AFE-43E5-BC6C-B855535D7889}"
EndProject
Project("{9A19103F-16F7-4668-BE54-9A1E7A4F7556}") = "Butler.Bot.AWS", "Butler.Bot.AWS\Butler.Bot.AWS.csproj", "{E9B5D425-D602-48C1-9A0D-D41B4A9EFA65}"
EndProject
Project("{2150E333-8FDC-42A3-9474-1A3956D46DE8}") = "Solution Items", "Solution Items", "{45FED77B-21F4-4A89-A612-EDD8A20A91B4}"
	ProjectSection(SolutionItems) = preProject
		README.md = README.md
	EndProjectSection
EndProject
Project("{2150E333-8FDC-42A3-9474-1A3956D46DE8}") = "Docs", "Docs", "{9089D0B3-9B8C-459C-887E-63A4BE026E88}"
	ProjectSection(SolutionItems) = preProject
		Docs\AwsDeployment.md = Docs\AwsDeployment.md
		Docs\BotCreation.md = Docs\BotCreation.md
		Docs\Configuration.md = Docs\Configuration.md
		Docs\WebHook.md = Docs\WebHook.md
	EndProjectSection
EndProject
Project("{9A19103F-16F7-4668-BE54-9A1E7A4F7556}") = "Butler.Bot.Sqlite", "Butler.Bot.Sqlite\Butler.Bot.Sqlite.csproj", "{4F9D5087-D4D0-4346-AA16-A67F576577B8}"
EndProject
Project("{FAE04EC0-301F-11D3-BF4B-00C04F79EFBC}") = "Butler.Bot.Core.Tests", "Butler.Bot.Core.Tests\Butler.Bot.Core.Tests.csproj", "{0F1826F9-4A45-4632-9BD1-5E4B41DFEB41}"
EndProject
Project("{2150E333-8FDC-42A3-9474-1A3956D46DE8}") = "Tests", "Tests", "{EC177005-D9E3-4FF8-941B-3D1880465F6F}"
EndProject
Global
	GlobalSection(SolutionConfigurationPlatforms) = preSolution
		Debug|Any CPU = Debug|Any CPU
		Release|Any CPU = Release|Any CPU
	EndGlobalSection
	GlobalSection(ProjectConfigurationPlatforms) = postSolution
		{735FE5C1-0B21-4F59-824E-AFE5BFF5D724}.Debug|Any CPU.ActiveCfg = Debug|Any CPU
		{735FE5C1-0B21-4F59-824E-AFE5BFF5D724}.Debug|Any CPU.Build.0 = Debug|Any CPU
		{735FE5C1-0B21-4F59-824E-AFE5BFF5D724}.Release|Any CPU.ActiveCfg = Release|Any CPU
		{735FE5C1-0B21-4F59-824E-AFE5BFF5D724}.Release|Any CPU.Build.0 = Release|Any CPU
		{2D715AB8-5AFE-43E5-BC6C-B855535D7889}.Debug|Any CPU.ActiveCfg = Debug|Any CPU
		{2D715AB8-5AFE-43E5-BC6C-B855535D7889}.Debug|Any CPU.Build.0 = Debug|Any CPU
		{2D715AB8-5AFE-43E5-BC6C-B855535D7889}.Release|Any CPU.ActiveCfg = Release|Any CPU
		{2D715AB8-5AFE-43E5-BC6C-B855535D7889}.Release|Any CPU.Build.0 = Release|Any CPU
		{E9B5D425-D602-48C1-9A0D-D41B4A9EFA65}.Debug|Any CPU.ActiveCfg = Debug|Any CPU
		{E9B5D425-D602-48C1-9A0D-D41B4A9EFA65}.Debug|Any CPU.Build.0 = Debug|Any CPU
		{E9B5D425-D602-48C1-9A0D-D41B4A9EFA65}.Release|Any CPU.ActiveCfg = Release|Any CPU
		{E9B5D425-D602-48C1-9A0D-D41B4A9EFA65}.Release|Any CPU.Build.0 = Release|Any CPU
		{4F9D5087-D4D0-4346-AA16-A67F576577B8}.Debug|Any CPU.ActiveCfg = Debug|Any CPU
		{4F9D5087-D4D0-4346-AA16-A67F576577B8}.Debug|Any CPU.Build.0 = Debug|Any CPU
		{4F9D5087-D4D0-4346-AA16-A67F576577B8}.Release|Any CPU.ActiveCfg = Release|Any CPU
		{4F9D5087-D4D0-4346-AA16-A67F576577B8}.Release|Any CPU.Build.0 = Release|Any CPU
		{0F1826F9-4A45-4632-9BD1-5E4B41DFEB41}.Debug|Any CPU.ActiveCfg = Debug|Any CPU
		{0F1826F9-4A45-4632-9BD1-5E4B41DFEB41}.Debug|Any CPU.Build.0 = Debug|Any CPU
		{0F1826F9-4A45-4632-9BD1-5E4B41DFEB41}.Release|Any CPU.ActiveCfg = Release|Any CPU
		{0F1826F9-4A45-4632-9BD1-5E4B41DFEB41}.Release|Any CPU.Build.0 = Release|Any CPU
	EndGlobalSection
	GlobalSection(SolutionProperties) = preSolution
		HideSolutionNode = FALSE
	EndGlobalSection
	GlobalSection(NestedProjects) = preSolution
		{9089D0B3-9B8C-459C-887E-63A4BE026E88} = {45FED77B-21F4-4A89-A612-EDD8A20A91B4}
		{0F1826F9-4A45-4632-9BD1-5E4B41DFEB41} = {EC177005-D9E3-4FF8-941B-3D1880465F6F}
	EndGlobalSection
	GlobalSection(ExtensibilityGlobals) = postSolution
		SolutionGuid = {547994F9-4FA5-4476-B77E-CE5C9C4EB474}
	EndGlobalSection
EndGlobal
